
Microsoft Visual Studio Solution File, Format Version 12.00
# Visual Studio Version 17
VisualStudioVersion = 17.11.35312.102
MinimumVisualStudioVersion = 10.0.40219.1
Project("{9092AA53-FB77-4645-B42D-1CCCA6BD08BD}") = "Constraints", "Constraints.njsproj", "{2DCDB1E6-B0D1-480C-BE45-6E51CD21501C}"
EndProject
Global
	GlobalSection(SolutionConfigurationPlatforms) = preSolution
		Debug|Any CPU = Debug|Any CPU
		Release|Any CPU = Release|Any CPU
	EndGlobalSection
	GlobalSection(ProjectConfigurationPlatforms) = postSolution
		{2DCDB1E6-B0D1-480C-BE45-6E51CD21501C}.Debug|Any CPU.ActiveCfg = Debug|Any CPU
		{2DCDB1E6-B0D1-480C-BE45-6E51CD21501C}.Debug|Any CPU.Build.0 = Debug|Any CPU
		{2DCDB1E6-B0D1-480C-BE45-6E51CD21501C}.Release|Any CPU.ActiveCfg = Release|Any CPU
		{2DCDB1E6-B0D1-480C-BE45-6E51CD21501C}.Release|Any CPU.Build.0 = Release|Any CPU
	EndGlobalSection
	GlobalSection(SolutionProperties) = preSolution
		HideSolutionNode = FALSE
	EndGlobalSection
	GlobalSection(ExtensibilityGlobals) = postSolution
		SolutionGuid = {76AAE404-BD10-4389-A7F1-EB103CE07FAB}
	EndGlobalSection
EndGlobal
